# @generated by Move, please check-in and do not edit manually.

[move]
version = 3
manifest_digest = "E21B0C1C211E783C3C7F31C6C4A317344F69F0A00D4DFC90CB2371D7A6E55A6B"
deps_digest = "F8BBB0CCB2491CA29A3DF03D6F92277A4F3574266507ACD77214D37ECA3F3082"
dependencies = [
  { id = "One", name = "One" },
]

[[move.package]]
id = "MoveStdlib"
source = { git = "https://github.com/one-chain-labs/onechain.git", rev = "main", subdir = "crates\\sui-framework\\packages\\move-stdlib" }

[[move.package]]
id = "One"
source = { git = "https://github.com/one-chain-labs/onechain.git", rev = "main", subdir = "crates/sui-framework/packages/one-framework" }

dependencies = [
  { id = "MoveStdlib", name = "MoveStdlib" },
]

[move.toolchain-version]
compiler-version = "1.0.1"
edition = "2024.beta"
flavor = "one"

[env]

[env.testnet]
chain-id = "1bd5c965"
original-published-id = "0x0cd10e3031444cf4973c6a7375c38b275bf05e6b1090eab8fde65653a8e0a8e2"
latest-published-id = "0x0cd10e3031444cf4973c6a7375c38b275bf05e6b1090eab8fde65653a8e0a8e2"
published-version = "1"
